// !$*UTF8*$!
{
	archiveVersion = 1;
	classes = {
	};
	objectVersion = 56;
	objects = {

/* Begin PBXBuildFile section */
		A11000000000000000000001 /* BobrvmKitTests.swift in Sources */ = {isa = PBXBuildFile; fileRef = A11000000000000000000002 /* BobrvmKitTests.swift */; };
		8C0A30A63E02459EA9C8A11B /* AppDelegate.swift in Sources */ = {isa = PBXBuildFile; fileRef = 2F4A5E5F7B684F5F9D1D3B2C /* AppDelegate.swift */; };
		4C1634DDC4C8428890A068BE /* BobrvmApp.swift in Sources */ = {isa = PBXBuildFile; fileRef = C89AC307D3CA49F98C93FE8C /* BobrvmApp.swift */; };
		666F50031EA548DCA6611421 /* ContentView.swift in Sources */ = {isa = PBXBuildFile; fileRef = 9AE23A7114FB4192922CFF95 /* ContentView.swift */; };
		2D542ACE334845D3AF20CC3E /* CreateVMView.swift in Sources */ = {isa = PBXBuildFile; fileRef = 696CE6917C14425EB2E8448C /* CreateVMView.swift */; };
		CD90210F6B3A466388014E3A /* EditVMView.swift in Sources */ = {isa = PBXBuildFile; fileRef = C32412F2F9AB4F54828570C1 /* EditVMView.swift */; };
		4C471C776EA0410496018A2E /* SettingsView.swift in Sources */ = {isa = PBXBuildFile; fileRef = B4B19DFF60E047A291BD2726 /* SettingsView.swift */; };
		E7DE4622B79F487381A5E9D7 /* VMManager.swift in Sources */ = {isa = PBXBuildFile; fileRef = B2E99685B82E41398008A70C /* VMManager.swift */; };
		E59A61D5A7ED4A43B2965238 /* VMSurfaceView.swift in Sources */ = {isa = PBXBuildFile; fileRef = 016570CA1164450690E721F4 /* VMSurfaceView.swift */; };
		B0B000000000000000000005 /* VMLibraryView.swift in Sources */ = {isa = PBXBuildFile; fileRef = B0B000000000000000000006 /* VMLibraryView.swift */; };
		763CCC85691B452497100414 /* BobrvmKit.swift in Sources */ = {isa = PBXBuildFile; fileRef = F676F6AC49154476B8CBB58B /* BobrvmKit.swift */; };
		08FEA81F40114C27A1A9251A /* BobrvmKit.xcframework in Frameworks */ = {isa = PBXBuildFile; fileRef = 27F916698DB04C12B429214A /* BobrvmKit.xcframework */; };
		A1B2C3D4E5F60718293A4B5C /* GhosttyKit.xcframework in Frameworks */ = {isa = PBXBuildFile; fileRef = A1B2C3D4E5F60718293A4B5D /* GhosttyKit.xcframework */; };
		C3F4A6D2B1CC4E2893A3E0A4 /* GhosttyInput.swift in Sources */ = {isa = PBXBuildFile; fileRef = C3F4A6D1B1CC4E2893A3E0A3 /* GhosttyInput.swift */; };
		C3F4A6D4B1CC4E2893A3E0A6 /* GhosttyRuntime.swift in Sources */ = {isa = PBXBuildFile; fileRef = C3F4A6D3B1CC4E2893A3E0A5 /* GhosttyRuntime.swift */; };
		C3F4A6D6B1CC4E2893A3E0A8 /* GhosttySurfaceView.swift in Sources */ = {isa = PBXBuildFile; fileRef = C3F4A6D5B1CC4E2893A3E0A7 /* GhosttySurfaceView.swift */; };
		1AA74B3B3EAA4047AFD94AF5 /* Hypervisor.framework in Frameworks */ = {isa = PBXBuildFile; fileRef = 0A4FA3BB0B6442DF8B8DB63E /* Hypervisor.framework */; };
		A6B7C8D9E0F1122334455601 /* Virtualization.framework in Frameworks */ = {isa = PBXBuildFile; fileRef = A6B7C8D9E0F1122334455602 /* Virtualization.framework */; };
		A6B7C8D9E0F1122334455603 /* MacVirtualMachine.swift in Sources */ = {isa = PBXBuildFile; fileRef = A6B7C8D9E0F1122334455604 /* MacVirtualMachine.swift */; };
		B0B000000000000000000007 /* WindowsMediaDownloadView.swift in Sources */ = {isa = PBXBuildFile; fileRef = B0B000000000000000000008 /* WindowsMediaDownloadView.swift */; };
		UEFI00000000000000000001 /* QEMU_EFI.fd in Resources */ = {isa = PBXBuildFile; fileRef = UEFI00000000000000000002 /* QEMU_EFI.fd */; };
		UEFI00000000000000000004 /* QEMU_VARS.fd in Resources */ = {isa = PBXBuildFile; fileRef = UEFI00000000000000000005 /* QEMU_VARS.fd */; };
		B0B000000000000000000001 /* Assets.xcassets in Resources */ = {isa = PBXBuildFile; fileRef = B0B000000000000000000002 /* Assets.xcassets */; };
/* End PBXBuildFile section */

/* Begin PBXFileReference section */
		A11000000000000000000002 /* BobrvmKitTests.swift */ = {isa = PBXFileReference; lastKnownFileType = sourcecode.swift; path = BobrvmKitTests.swift; sourceTree = "<group>"; };
		A11000000000000000000003 /* BobrvmTests.xctest */ = {isa = PBXFileReference; explicitFileType = wrapper.cfbundle; includeInIndex = 0; path = BobrvmTests.xctest; sourceTree = BUILT_PRODUCTS_DIR; };
		2F4A5E5F7B684F5F9D1D3B2C /* AppDelegate.swift */ = {isa = PBXFileReference; lastKnownFileType = sourcecode.swift; path = AppDelegate.swift; sourceTree = "<group>"; };
		9E5220B2D8584C4D9D4E7F3D /* Bobrvm.app */ = {isa = PBXFileReference; explicitFileType = wrapper.application; includeInIndex = 0; path = Bobrvm.app; sourceTree = BUILT_PRODUCTS_DIR; };
		C89AC307D3CA49F98C93FE8C /* BobrvmApp.swift */ = {isa = PBXFileReference; lastKnownFileType = sourcecode.swift; path = BobrvmApp.swift; sourceTree = "<group>"; };
		9AE23A7114FB4192922CFF95 /* ContentView.swift */ = {isa = PBXFileReference; lastKnownFileType = sourcecode.swift; path = ContentView.swift; sourceTree = "<group>"; };
		696CE6917C14425EB2E8448C /* CreateVMView.swift */ = {isa = PBXFileReference; lastKnownFileType = sourcecode.swift; path = CreateVMView.swift; sourceTree = "<group>"; };
		C32412F2F9AB4F54828570C1 /* EditVMView.swift */ = {isa = PBXFileReference; lastKnownFileType = sourcecode.swift; path = EditVMView.swift; sourceTree = "<group>"; };
		B4B19DFF60E047A291BD2726 /* SettingsView.swift */ = {isa = PBXFileReference; lastKnownFileType = sourcecode.swift; path = SettingsView.swift; sourceTree = "<group>"; };
		C3F4A6D1B1CC4E2893A3E0A3 /* GhosttyInput.swift */ = {isa = PBXFileReference; lastKnownFileType = sourcecode.swift; path = GhosttyInput.swift; sourceTree = "<group>"; };
		C3F4A6D3B1CC4E2893A3E0A5 /* GhosttyRuntime.swift */ = {isa = PBXFileReference; lastKnownFileType = sourcecode.swift; path = GhosttyRuntime.swift; sourceTree = "<group>"; };
		C3F4A6D5B1CC4E2893A3E0A7 /* GhosttySurfaceView.swift */ = {isa = PBXFileReference; lastKnownFileType = sourcecode.swift; path = GhosttySurfaceView.swift; sourceTree = "<group>"; };
		B2E99685B82E41398008A70C /* VMManager.swift */ = {isa = PBXFileReference; lastKnownFileType = sourcecode.swift; path = VMManager.swift; sourceTree = "<group>"; };
		016570CA1164450690E721F4 /* VMSurfaceView.swift */ = {isa = PBXFileReference; lastKnownFileType = sourcecode.swift; path = VMSurfaceView.swift; sourceTree = "<group>"; };
		B0B000000000000000000006 /* VMLibraryView.swift */ = {isa = PBXFileReference; lastKnownFileType = sourcecode.swift; path = VMLibraryView.swift; sourceTree = "<group>"; };
		F676F6AC49154476B8CBB58B /* BobrvmKit.swift */ = {isa = PBXFileReference; lastKnownFileType = sourcecode.swift; path = BobrvmKit.swift; sourceTree = "<group>"; };
		27F916698DB04C12B429214A /* BobrvmKit.xcframework */ = {isa = PBXFileReference; lastKnownFileType = wrapper.xcframework; path = BobrvmKit.xcframework; sourceTree = "<group>"; };
		A1B2C3D4E5F60718293A4B5D /* GhosttyKit.xcframework */ = {isa = PBXFileReference; lastKnownFileType = wrapper.xcframework; name = GhosttyKit.xcframework; path = "../zig-out/GhosttyKit.xcframework"; sourceTree = SOURCE_ROOT; };
		56F95697E6344228A7F9BA1B /* Bobrvm.entitlements */ = {isa = PBXFileReference; lastKnownFileType = text.plist.entitlements; path = Bobrvm.entitlements; sourceTree = "<group>"; };
		8260A68E8A704D57966124E6 /* Bobrvm-Bridging-Header.h */ = {isa = PBXFileReference; lastKnownFileType = sourcecode.c.h; path = "Bobrvm-Bridging-Header.h"; sourceTree = "<group>"; };
		0A4FA3BB0B6442DF8B8DB63E /* Hypervisor.framework */ = {isa = PBXFileReference; lastKnownFileType = wrapper.framework; name = Hypervisor.framework; path = System/Library/Frameworks/Hypervisor.framework; sourceTree = SDKROOT; };
		A6B7C8D9E0F1122334455602 /* Virtualization.framework */ = {isa = PBXFileReference; lastKnownFileType = wrapper.framework; name = Virtualization.framework; path = System/Library/Frameworks/Virtualization.framework; sourceTree = SDKROOT; };
		A6B7C8D9E0F1122334455604 /* MacVirtualMachine.swift */ = {isa = PBXFileReference; lastKnownFileType = sourcecode.swift; path = MacVirtualMachine.swift; sourceTree = "<group>"; };
		B0B000000000000000000008 /* WindowsMediaDownloadView.swift */ = {isa = PBXFileReference; lastKnownFileType = sourcecode.swift; path = WindowsMediaDownloadView.swift; sourceTree = "<group>"; };
		UEFI00000000000000000002 /* QEMU_EFI.fd */ = {isa = PBXFileReference; lastKnownFileType = file; path = QEMU_EFI.fd; sourceTree = "<group>"; };
		UEFI00000000000000000005 /* QEMU_VARS.fd */ = {isa = PBXFileReference; lastKnownFileType = file; path = QEMU_VARS.fd; sourceTree = "<group>"; };
		B0B000000000000000000002 /* Assets.xcassets */ = {isa = PBXFileReference; lastKnownFileType = folder.assetcatalog; path = Assets.xcassets; sourceTree = "<group>"; };
		B0B000000000000000000003 /* Bobrvm-Info.plist */ = {isa = PBXFileReference; lastKnownFileType = text.plist.xml; path = "Bobrvm-Info.plist"; sourceTree = "<group>"; };
		B0B000000000000000000004 /* README.md */ = {isa = PBXFileReference; lastKnownFileType = net.daringfireball.markdown; path = README.md; sourceTree = "<group>"; };
/* End PBXFileReference section */

/* Begin PBXFrameworksBuildPhase section */
		A11000000000000000000004 /* Frameworks */ = {
			isa = PBXFrameworksBuildPhase;
			buildActionMask = 2147483647;
			files = (
			);
			runOnlyForDeploymentPostprocessing = 0;
		};
		175DD03AE29A411399CBB48B /* Frameworks */ = {
			isa = PBXFrameworksBuildPhase;
			buildActionMask = 2147483647;
			runOnlyForDeploymentPostprocessing = 0;
			files = (
				08FEA81F40114C27A1A9251A /* BobrvmKit.xcframework in Frameworks */,
				A1B2C3D4E5F60718293A4B5C /* GhosttyKit.xcframework in Frameworks */,
				1AA74B3B3EAA4047AFD94AF5 /* Hypervisor.framework in Frameworks */,
				A6B7C8D9E0F1122334455601 /* Virtualization.framework in Frameworks */,
			);
		};
/* End PBXFrameworksBuildPhase section */

/* Begin PBXGroup section */
		536C2A6DC9C94E1CAA8940DC /* Products */ = {
			isa = PBXGroup;
			children = (
				9E5220B2D8584C4D9D4E7F3D /* Bobrvm.app */,
				A11000000000000000000003 /* BobrvmTests.xctest */,
			);
			name = Products;
			sourceTree = "<group>";
		};
		63E960C4E6BD4DE7951B6BFB /* App */ = {
			isa = PBXGroup;
			children = (
				2F4A5E5F7B684F5F9D1D3B2C /* AppDelegate.swift */,
				C89AC307D3CA49F98C93FE8C /* BobrvmApp.swift */,
			);
			path = Sources/App;
			sourceTree = "<group>";
		};
		A257CCA5C31F4DC891F20FED /* Bobrvm */ = {
			isa = PBXGroup;
			children = (
				9AE23A7114FB4192922CFF95 /* ContentView.swift */,
				696CE6917C14425EB2E8448C /* CreateVMView.swift */,
				C32412F2F9AB4F54828570C1 /* EditVMView.swift */,
				C3F4A6D1B1CC4E2893A3E0A3 /* GhosttyInput.swift */,
				C3F4A6D3B1CC4E2893A3E0A5 /* GhosttyRuntime.swift */,
				C3F4A6D5B1CC4E2893A3E0A7 /* GhosttySurfaceView.swift */,
				A6B7C8D9E0F1122334455604 /* MacVirtualMachine.swift */,
				B4B19DFF60E047A291BD2726 /* SettingsView.swift */,
				B2E99685B82E41398008A70C /* VMManager.swift */,
				B0B000000000000000000006 /* VMLibraryView.swift */,
				016570CA1164450690E721F4 /* VMSurfaceView.swift */,
				B0B000000000000000000008 /* WindowsMediaDownloadView.swift */,
			);
			path = Sources/Bobrvm;
			sourceTree = "<group>";
		};
		E19FE60B32494F0D9397F0B4 /* BobrvmKit */ = {
			isa = PBXGroup;
			children = (
				8260A68E8A704D57966124E6 /* Bobrvm-Bridging-Header.h */,
				F676F6AC49154476B8CBB58B /* BobrvmKit.swift */,
			);
			path = Sources/BobrvmKit;
			sourceTree = "<group>";
		};
		8FEC2D045517435C872520F3 /* Frameworks */ = {
			isa = PBXGroup;
			children = (
				27F916698DB04C12B429214A /* BobrvmKit.xcframework */,
				A1B2C3D4E5F60718293A4B5D /* GhosttyKit.xcframework */,
				0A4FA3BB0B6442DF8B8DB63E /* Hypervisor.framework */,
				A6B7C8D9E0F1122334455602 /* Virtualization.framework */,
			);
			name = Frameworks;
			sourceTree = "<group>";
		};
		4D5A3144674A4C2388663FDF /* Bobrvm */ = {
			isa = PBXGroup;
			children = (
				B0B000000000000000000002 /* Assets.xcassets */,
				B0B000000000000000000003 /* Bobrvm-Info.plist */,
				B0B000000000000000000004 /* README.md */,
				63E960C4E6BD4DE7951B6BFB /* App */,
				A257CCA5C31F4DC891F20FED /* Bobrvm */,
				E19FE60B32494F0D9397F0B4 /* BobrvmKit */,
				A11000000000000000000005 /* BobrvmTests */,
				UEFI00000000000000000003 /* Resources */,
				56F95697E6344228A7F9BA1B /* Bobrvm.entitlements */,
				8FEC2D045517435C872520F3 /* Frameworks */,
				536C2A6DC9C94E1CAA8940DC /* Products */,
			);
			sourceTree = "<group>";
		};
		A11000000000000000000005 /* BobrvmTests */ = {
			isa = PBXGroup;
			children = (
				A11000000000000000000002 /* BobrvmKitTests.swift */,
			);
			path = Tests/BobrvmTests;
			sourceTree = "<group>";
		};
		UEFI00000000000000000003 /* Resources */ = {
			isa = PBXGroup;
			children = (
				UEFI00000000000000000002 /* QEMU_EFI.fd */,
				UEFI00000000000000000005 /* QEMU_VARS.fd */,
			);
			path = Resources;
			sourceTree = "<group>";
		};
/* End PBXGroup section */

/* Begin PBXNativeTarget section */
		A11000000000000000000006 /* BobrvmTests */ = {
			isa = PBXNativeTarget;
			buildConfigurationList = A11000000000000000000007 /* Build configuration list for PBXNativeTarget "BobrvmTests" */;
			buildPhases = (
				A11000000000000000000008 /* Sources */,
				A11000000000000000000004 /* Frameworks */,
				A11000000000000000000009 /* Resources */,
			);
			buildRules = (
			);
			dependencies = (
				A1100000000000000000000A /* PBXTargetDependency */,
			);
			name = BobrvmTests;
			productName = BobrvmTests;
			productReference = A11000000000000000000003 /* BobrvmTests.xctest */;
			productType = "com.apple.product-type.bundle.unit-test";
		};
		C03BA6851272486DB520947E /* Bobrvm */ = {
			isa = PBXNativeTarget;
			buildConfigurationList = 585CDC75E0EF4B808BED577D /* Build configuration list for PBXNativeTarget "Bobrvm" */;
			buildPhases = (
				2CE875267EA5459496549DC9 /* Sources */,
				175DD03AE29A411399CBB48B /* Frameworks */,
				5DDACF02F28B483E824D9101 /* Resources */,
			);
			buildRules = (
			);
			dependencies = (
			);
			name = Bobrvm;
			productName = Bobrvm;
			productReference = 9E5220B2D8584C4D9D4E7F3D /* Bobrvm.app */;
			productType = "com.apple.product-type.application";
		};
/* End PBXNativeTarget section */

/* Begin PBXProject section */
		0E7B46878DA149578DE1FBBA /* Project object */ = {
			isa = PBXProject;
			attributes = {
				BuildIndependentTargetsInParallel = 1;
				LastSwiftUpdateCheck = 1500;
				LastUpgradeCheck = 1500;
				TargetAttributes = {
					A11000000000000000000006 = {
						CreatedOnToolsVersion = 15.0;
						TestTargetID = C03BA6851272486DB520947E;
					};
					C03BA6851272486DB520947E = {
						CreatedOnToolsVersion = 15.0;
					};
				};
			};
			buildConfigurationList = 8648B12C16844B8E9C975338 /* Build configuration list for PBXProject "Bobrvm" */;
			compatibilityVersion = "Xcode 15.0";
			developmentRegion = en;
			hasScannedForEncodings = 0;
			knownRegions = (
				en,
			);
			mainGroup = 4D5A3144674A4C2388663FDF /* Bobrvm */;
			productRefGroup = 536C2A6DC9C94E1CAA8940DC /* Products */;
			projectDirPath = "";
			projectRoot = "";
			targets = (
				C03BA6851272486DB520947E /* Bobrvm */,
				A11000000000000000000006 /* BobrvmTests */,
			);
		};
/* End PBXProject section */

/* Begin PBXResourcesBuildPhase section */
		A11000000000000000000009 /* Resources */ = {
			isa = PBXResourcesBuildPhase;
			buildActionMask = 2147483647;
			files = (
			);
			runOnlyForDeploymentPostprocessing = 0;
		};
		5DDACF02F28B483E824D9101 /* Resources */ = {
			isa = PBXResourcesBuildPhase;
			buildActionMask = 2147483647;
			runOnlyForDeploymentPostprocessing = 0;
			files = (
				B0B000000000000000000001 /* Assets.xcassets in Resources */,
				UEFI00000000000000000001 /* QEMU_EFI.fd in Resources */,
				UEFI00000000000000000004 /* QEMU_VARS.fd in Resources */,
			);
		};
/* End PBXResourcesBuildPhase section */

/* Begin PBXSourcesBuildPhase section */
		A11000000000000000000008 /* Sources */ = {
			isa = PBXSourcesBuildPhase;
			buildActionMask = 2147483647;
			files = (
				A11000000000000000000001 /* BobrvmKitTests.swift in Sources */,
			);
			runOnlyForDeploymentPostprocessing = 0;
		};
		2CE875267EA5459496549DC9 /* Sources */ = {
			isa = PBXSourcesBuildPhase;
			buildActionMask = 2147483647;
			runOnlyForDeploymentPostprocessing = 0;
			files = (
				8C0A30A63E02459EA9C8A11B /* AppDelegate.swift in Sources */,
				4C1634DDC4C8428890A068BE /* BobrvmApp.swift in Sources */,
				666F50031EA548DCA6611421 /* ContentView.swift in Sources */,
				2D542ACE334845D3AF20CC3E /* CreateVMView.swift in Sources */,
				CD90210F6B3A466388014E3A /* EditVMView.swift in Sources */,
				C3F4A6D2B1CC4E2893A3E0A4 /* GhosttyInput.swift in Sources */,
				C3F4A6D4B1CC4E2893A3E0A6 /* GhosttyRuntime.swift in Sources */,
				C3F4A6D6B1CC4E2893A3E0A8 /* GhosttySurfaceView.swift in Sources */,
				4C471C776EA0410496018A2E /* SettingsView.swift in Sources */,
				E7DE4622B79F487381A5E9D7 /* VMManager.swift in Sources */,
				B0B000000000000000000005 /* VMLibraryView.swift in Sources */,
				E59A61D5A7ED4A43B2965238 /* VMSurfaceView.swift in Sources */,
				A6B7C8D9E0F1122334455603 /* MacVirtualMachine.swift in Sources */,
				B0B000000000000000000007 /* WindowsMediaDownloadView.swift in Sources */,
				763CCC85691B452497100414 /* BobrvmKit.swift in Sources */,
			);
		};
/* End PBXSourcesBuildPhase section */

/* Begin PBXContainerItemProxy section */
		A1100000000000000000000B /* PBXContainerItemProxy */ = {
			isa = PBXContainerItemProxy;
			containerPortal = 0E7B46878DA149578DE1FBBA /* Project object */;
			proxyType = 1;
			remoteGlobalIDString = C03BA6851272486DB520947E;
			remoteInfo = Bobrvm;
		};
/* End PBXContainerItemProxy section */

/* Begin PBXTargetDependency section */
		A1100000000000000000000A /* PBXTargetDependency */ = {
			isa = PBXTargetDependency;
			target = C03BA6851272486DB520947E /* Bobrvm */;
			targetProxy = A1100000000000000000000B /* PBXContainerItemProxy */;
		};
/* End PBXTargetDependency section */

/* Begin XCBuildConfiguration section */
		A1100000000000000000000C /* Debug */ = {
			isa = XCBuildConfiguration;
			buildSettings = {
				ALWAYS_SEARCH_USER_PATHS = NO;
				BUNDLE_LOADER = "$(TEST_HOST)";
				CODE_SIGN_IDENTITY = "-";
				CODE_SIGN_STYLE = Manual;
				DEVELOPMENT_TEAM = "";
				ENABLE_HARDENED_RUNTIME = NO;
				GENERATE_INFOPLIST_FILE = YES;
				MACOSX_DEPLOYMENT_TARGET = 13.0;
				PRODUCT_BUNDLE_IDENTIFIER = "com.bobrvm.tests";
				PRODUCT_NAME = "$(TARGET_NAME)";
				SWIFT_VERSION = 5.9;
				TEST_HOST = "$(BUILT_PRODUCTS_DIR)/Bobrvm.app/Contents/MacOS/Bobrvm";
			};
			name = Debug;
		};
		A1100000000000000000000D /* Release */ = {
			isa = XCBuildConfiguration;
			buildSettings = {
				ALWAYS_SEARCH_USER_PATHS = NO;
				BUNDLE_LOADER = "$(TEST_HOST)";
				CODE_SIGN_IDENTITY = "-";
				CODE_SIGN_STYLE = Manual;
				DEVELOPMENT_TEAM = "";
				GENERATE_INFOPLIST_FILE = YES;
				MACOSX_DEPLOYMENT_TARGET = 13.0;
				PRODUCT_BUNDLE_IDENTIFIER = "com.bobrvm.tests";
				PRODUCT_NAME = "$(TARGET_NAME)";
				SWIFT_VERSION = 5.9;
				TEST_HOST = "$(BUILT_PRODUCTS_DIR)/Bobrvm.app/Contents/MacOS/Bobrvm";
			};
			name = Release;
		};
		869E5C3239734C8DA97088E2 /* Debug */ = {
			isa = XCBuildConfiguration;
			buildSettings = {
				ALWAYS_SEARCH_USER_PATHS = NO;
				ASSETCATALOG_COMPILER_APPICON_NAME = AppIcon;
				CLANG_ENABLE_OBJC_ARC = YES;
				CODE_SIGN_ENTITLEMENTS = Bobrvm.entitlements;
				CODE_SIGN_IDENTITY = "-";
				CODE_SIGN_STYLE = Manual;
				DEVELOPMENT_TEAM = "";
				ENABLE_TESTABILITY = YES;
				ENABLE_HARDENED_RUNTIME = NO;
				CURRENT_PROJECT_VERSION = 1;
				ENABLE_USER_SCRIPT_SANDBOXING = YES;
				GENERATE_INFOPLIST_FILE = NO;
				ONLY_ACTIVE_ARCH = YES;
				FRAMEWORK_SEARCH_PATHS = (
					"$(PROJECT_DIR)",
					"$(PROJECT_DIR)/../zig-out",
				);
				INFOPLIST_FILE = "Bobrvm-Info.plist";
				LD_RUNPATH_SEARCH_PATHS = (
					"$(inherited)",
					"@executable_path/../Frameworks",
				);
				OTHER_LDFLAGS = (
					"$(inherited)",
					"-framework",
					Carbon,
					"-lc++",
				);
				LIBRARY_SEARCH_PATHS = (
					"$(PROJECT_DIR)",
				);
				MACOSX_DEPLOYMENT_TARGET = 13.0;
				MARKETING_VERSION = 0.1.0;
				PRODUCT_BUNDLE_IDENTIFIER = "com.bobrvm.app";
				PRODUCT_NAME = "Bobrvm";
				SWIFT_OBJC_BRIDGING_HEADER = "Sources/BobrvmKit/Bobrvm-Bridging-Header.h";
				SWIFT_VERSION = 5.9;
				TARGETED_DEVICE_FAMILY = "1";
			};
			name = Debug;
		};
		AD10AE0BB22948FABAC755C0 /* Release */ = {
			isa = XCBuildConfiguration;
			buildSettings = {
				ALWAYS_SEARCH_USER_PATHS = NO;
				ASSETCATALOG_COMPILER_APPICON_NAME = AppIcon;
				CLANG_ENABLE_OBJC_ARC = YES;
				CODE_SIGN_ENTITLEMENTS = Bobrvm.entitlements;
				CODE_SIGN_IDENTITY = "-";
				CODE_SIGN_STYLE = Manual;
				DEVELOPMENT_TEAM = "";
				ENABLE_HARDENED_RUNTIME = YES;
				CURRENT_PROJECT_VERSION = 1;
				ENABLE_USER_SCRIPT_SANDBOXING = YES;
				GENERATE_INFOPLIST_FILE = NO;
				FRAMEWORK_SEARCH_PATHS = (
					"$(PROJECT_DIR)",
					"$(PROJECT_DIR)/../zig-out",
				);
				INFOPLIST_FILE = "Bobrvm-Info.plist";
				LD_RUNPATH_SEARCH_PATHS = (
					"$(inherited)",
					"@executable_path/../Frameworks",
				);
				OTHER_LDFLAGS = (
					"$(inherited)",
					"-framework",
					Carbon,
					"-lc++",
				);
				LIBRARY_SEARCH_PATHS = (
					"$(PROJECT_DIR)",
				);
				MACOSX_DEPLOYMENT_TARGET = 13.0;
				MARKETING_VERSION = 0.1.0;
				PRODUCT_BUNDLE_IDENTIFIER = "com.bobrvm.app";
				PRODUCT_NAME = "Bobrvm";
				SWIFT_OBJC_BRIDGING_HEADER = "Sources/BobrvmKit/Bobrvm-Bridging-Header.h";
				SWIFT_VERSION = 5.9;
				TARGETED_DEVICE_FAMILY = "1";
			};
			name = Release;
		};
		90A7B60C904943119451402A /* Debug */ = {
			isa = XCBuildConfiguration;
			buildSettings = {
				CLANG_ENABLE_OBJC_ARC = YES;
				CODE_SIGN_IDENTITY = "-";
				CODE_SIGN_STYLE = Manual;
				DEVELOPMENT_TEAM = "";
				ENABLE_HARDENED_RUNTIME = YES;
				MACOSX_DEPLOYMENT_TARGET = 13.0;
				SWIFT_VERSION = 5.9;
			};
			name = Debug;
		};
		BBD9DF2CF08C4F229CFE12C9 /* Release */ = {
			isa = XCBuildConfiguration;
			buildSettings = {
				CLANG_ENABLE_OBJC_ARC = YES;
				CODE_SIGN_IDENTITY = "-";
				CODE_SIGN_STYLE = Manual;
				DEVELOPMENT_TEAM = "";
				ENABLE_HARDENED_RUNTIME = YES;
				MACOSX_DEPLOYMENT_TARGET = 13.0;
				SWIFT_VERSION = 5.9;
			};
			name = Release;
		};
/* End XCBuildConfiguration section */

/* Begin XCConfigurationList section */
		A11000000000000000000007 /* Build configuration list for PBXNativeTarget "BobrvmTests" */ = {
			isa = XCConfigurationList;
			buildConfigurations = (
				A1100000000000000000000C /* Debug */,
				A1100000000000000000000D /* Release */,
			);
			defaultConfigurationIsVisible = 0;
			defaultConfigurationName = Release;
		};
		585CDC75E0EF4B808BED577D /* Build configuration list for PBXNativeTarget "Bobrvm" */ = {
			isa = XCConfigurationList;
			buildConfigurations = (
				869E5C3239734C8DA97088E2 /* Debug */,
				AD10AE0BB22948FABAC755C0 /* Release */,
			);
			defaultConfigurationIsVisible = 0;
			defaultConfigurationName = Release;
		};
		8648B12C16844B8E9C975338 /* Build configuration list for PBXProject "Bobrvm" */ = {
			isa = XCConfigurationList;
			buildConfigurations = (
				90A7B60C904943119451402A /* Debug */,
				BBD9DF2CF08C4F229CFE12C9 /* Release */,
			);
			defaultConfigurationIsVisible = 0;
			defaultConfigurationName = Release;
		};
/* End XCConfigurationList section */
	};
	rootObject = 0E7B46878DA149578DE1FBBA /* Project object */;
}
